
Microsoft Visual Studio Solution File, Format Version 12.00
Project("{FAE04EC0-301F-11D3-BF4B-00C04F79EFBC}") = "Operators.Rest", "src\Operators.Rest\Operators.Rest.csproj", "{06A1DB4F-B751-445C-A36E-F1011D097F32}"
EndProject
Project("{FAE04EC0-301F-11D3-BF4B-00C04F79EFBC}") = "Operators.Application", "src\Operators.Application\Operators.Application.csproj", "{C7BFB5CB-C982-4C09-91A0-894A515C2BFC}"
EndProject
Project("{FAE04EC0-301F-11D3-BF4B-00C04F79EFBC}") = "Operators.DTO", "src\Operators.DTO\Operators.DTO.csproj", "{A4516A52-2B2E-47D0-9666-BBD360AC583B}"
EndProject
Project("{FAE04EC0-301F-11D3-BF4B-00C04F79EFBC}") = "Operators.Infrastructure", "src\Operators.Infrastructure\Operators.Infrastructure.csproj", "{F5AB722F-D7B7-4DFA-AC9F-108EDB159687}"
EndProject
Project("{FAE04EC0-301F-11D3-BF4B-00C04F79EFBC}") = "Operators.DAL", "src\Operators.DAL\Operators.DAL.csproj", "{9FA50208-24E2-4D1C-BB51-48555CD5CA4C}"
EndProject
Global
	GlobalSection(SolutionConfigurationPlatforms) = preSolution
		Debug|Any CPU = Debug|Any CPU
		Release|Any CPU = Release|Any CPU
	EndGlobalSection
	GlobalSection(ProjectConfigurationPlatforms) = postSolution
		{06A1DB4F-B751-445C-A36E-F1011D097F32}.Debug|Any CPU.ActiveCfg = Debug|Any CPU
		{06A1DB4F-B751-445C-A36E-F1011D097F32}.Debug|Any CPU.Build.0 = Debug|Any CPU
		{06A1DB4F-B751-445C-A36E-F1011D097F32}.Release|Any CPU.ActiveCfg = Release|Any CPU
		{06A1DB4F-B751-445C-A36E-F1011D097F32}.Release|Any CPU.Build.0 = Release|Any CPU
		{C7BFB5CB-C982-4C09-91A0-894A515C2BFC}.Debug|Any CPU.ActiveCfg = Debug|Any CPU
		{C7BFB5CB-C982-4C09-91A0-894A515C2BFC}.Debug|Any CPU.Build.0 = Debug|Any CPU
		{C7BFB5CB-C982-4C09-91A0-894A515C2BFC}.Release|Any CPU.ActiveCfg = Release|Any CPU
		{C7BFB5CB-C982-4C09-91A0-894A515C2BFC}.Release|Any CPU.Build.0 = Release|Any CPU
		{A4516A52-2B2E-47D0-9666-BBD360AC583B}.Debug|Any CPU.ActiveCfg = Debug|Any CPU
		{A4516A52-2B2E-47D0-9666-BBD360AC583B}.Debug|Any CPU.Build.0 = Debug|Any CPU
		{A4516A52-2B2E-47D0-9666-BBD360AC583B}.Release|Any CPU.ActiveCfg = Release|Any CPU
		{A4516A52-2B2E-47D0-9666-BBD360AC583B}.Release|Any CPU.Build.0 = Release|Any CPU
		{F5AB722F-D7B7-4DFA-AC9F-108EDB159687}.Debug|Any CPU.ActiveCfg = Debug|Any CPU
		{F5AB722F-D7B7-4DFA-AC9F-108EDB159687}.Debug|Any CPU.Build.0 = Debug|Any CPU
		{F5AB722F-D7B7-4DFA-AC9F-108EDB159687}.Release|Any CPU.ActiveCfg = Release|Any CPU
		{F5AB722F-D7B7-4DFA-AC9F-108EDB159687}.Release|Any CPU.Build.0 = Release|Any CPU
		{9FA50208-24E2-4D1C-BB51-48555CD5CA4C}.Debug|Any CPU.ActiveCfg = Debug|Any CPU
		{9FA50208-24E2-4D1C-BB51-48555CD5CA4C}.Debug|Any CPU.Build.0 = Debug|Any CPU
		{9FA50208-24E2-4D1C-BB51-48555CD5CA4C}.Release|Any CPU.ActiveCfg = Release|Any CPU
		{9FA50208-24E2-4D1C-BB51-48555CD5CA4C}.Release|Any CPU.Build.0 = Release|Any CPU
	EndGlobalSection
EndGlobal
